
Microsoft Visual Studio Solution File, Format Version 12.00
# Visual Studio Version 16
VisualStudioVersion = 16.0.30611.23
MinimumVisualStudioVersion = 10.0.40219.1
Project("{8BC9CEB8-8B4A-11D0-8D11-00A0C91BC942}") = "Lagetisch", "Lagetisch\Lagetisch.vcxproj", "{F9BB77A8-3C11-4289-B54A-B65072DDB489}"
EndProject
Project("{8BC9CEB8-8B4A-11D0-8D11-00A0C91BC942}") = "XrSceneLib_uwp", "..\..\shared\XrSceneLib\XrSceneLib_uwp.vcxproj", "{56F1C3F4-8AB3-4518-9671-AA4219F56167}"
EndProject
Project("{2150E333-8FDC-42A3-9474-1A3956D46DE8}") = "openxr", "openxr", "{FCFB8491-721B-4D32-8537-AF41C85AC98D}"
	ProjectSection(SolutionItems) = preProject
		..\..\openxr_preview\include\openxr\openxr.h = ..\..\openxr_preview\include\openxr\openxr.h
		..\..\openxr_preview\include\openxr\openxr_platform.h = ..\..\openxr_preview\include\openxr\openxr_platform.h
		..\..\openxr_preview\include\openxr\openxr_platform_defines.h = ..\..\openxr_preview\include\openxr\openxr_platform_defines.h
		..\..\openxr_preview\include\openxr\openxr_reflection.h = ..\..\openxr_preview\include\openxr\openxr_reflection.h
	EndProjectSection
EndProject
Project("{2150E333-8FDC-42A3-9474-1A3956D46DE8}") = "shared", "shared", "{0EDD80BC-FD6A-4FA9-B5BC-28B110DB71AC}"
EndProject
Project("{2150E333-8FDC-42A3-9474-1A3956D46DE8}") = "XrUtility", "XrUtility", "{F9AC4852-6884-4483-8AF9-58B00AB183CE}"
	ProjectSection(SolutionItems) = preProject
		..\..\shared\XrUtility\XrActionContext.h = ..\..\shared\XrUtility\XrActionContext.h
		..\..\shared\XrUtility\XrEnumerate.h = ..\..\shared\XrUtility\XrEnumerate.h
		..\..\shared\XrUtility\XrError.h = ..\..\shared\XrUtility\XrError.h
		..\..\shared\XrUtility\XrExtensionContext.h = ..\..\shared\XrUtility\XrExtensionContext.h
		..\..\shared\XrUtility\XrExtensions.h = ..\..\shared\XrUtility\XrExtensions.h
		..\..\shared\XrUtility\XrGuid.h = ..\..\shared\XrUtility\XrGuid.h
		..\..\shared\XrUtility\XrHandle.h = ..\..\shared\XrUtility\XrHandle.h
		..\..\shared\XrUtility\XrInstanceContext.h = ..\..\shared\XrUtility\XrInstanceContext.h
		..\..\shared\XrUtility\XrMath.h = ..\..\shared\XrUtility\XrMath.h
		..\..\shared\XrUtility\XrSceneUnderstanding.h = ..\..\shared\XrUtility\XrSceneUnderstanding.h
		..\..\shared\XrUtility\XrSessionContext.h = ..\..\shared\XrUtility\XrSessionContext.h
		..\..\shared\XrUtility\XrSide.h = ..\..\shared\XrUtility\XrSide.h
		..\..\shared\XrUtility\XrStereoView.h = ..\..\shared\XrUtility\XrStereoView.h
		..\..\shared\XrUtility\XrString.h = ..\..\shared\XrUtility\XrString.h
		..\..\shared\XrUtility\XrStruct.h = ..\..\shared\XrUtility\XrStruct.h
		..\..\shared\XrUtility\XrSystemContext.h = ..\..\shared\XrUtility\XrSystemContext.h
		..\..\shared\XrUtility\XrToString.h = ..\..\shared\XrUtility\XrToString.h
		..\..\shared\XrUtility\XrViewConfiguration.h = ..\..\shared\XrUtility\XrViewConfiguration.h
	EndProjectSection
EndProject
Project("{2150E333-8FDC-42A3-9474-1A3956D46DE8}") = "sampleShared", "sampleShared", "{2838FADD-C9DE-49EA-B149-96864A8BA24E}"
EndProject
Project("{2150E333-8FDC-42A3-9474-1A3956D46DE8}") = "pbr", "pbr", "{A43B9E94-7994-4CBC-8CDE-A6B126D2414C}"
EndProject
Project("{2150E333-8FDC-42A3-9474-1A3956D46DE8}") = "gltf", "gltf", "{1EE87336-A645-4A49-9891-EEFDDD7253BF}"
EndProject
Project("{8BC9CEB8-8B4A-11D0-8D11-00A0C91BC942}") = "Gltf_uwp", "..\..\shared\gltf\Gltf_uwp.vcxproj", "{63475578-0C83-4B2F-9AC5-A4513DE2907F}"
EndProject
Project("{8BC9CEB8-8B4A-11D0-8D11-00A0C91BC942}") = "pbr_uwp", "..\..\shared\pbr\pbr_uwp.vcxproj", "{334E53B6-28DC-4F46-A7D9-CCEC681F4FEB}"
EndProject
Project("{8BC9CEB8-8B4A-11D0-8D11-00A0C91BC942}") = "SampleShared_uwp", "..\..\shared\SampleShared\SampleShared_uwp.vcxproj", "{7A3653FD-90A8-4627-9185-F3EEFA539F49}"
EndProject
Project("{8BC9CEB8-8B4A-11D0-8D11-00A0C91BC942}") = "SampleSceneUwp", "..\SampleSceneUwp\SampleSceneUwp.vcxproj", "{11ADC3A8-3996-40EC-B481-5EAA3ACB63C9}"
EndProject
Project("{8BC9CEB8-8B4A-11D0-8D11-00A0C91BC942}") = "BasicXrApp_uwp", "..\BasicXrApp\BasicXrApp_uwp.vcxproj", "{1B09B21C-2D7A-4278-81C8-84A47D5834A7}"
EndProject
Project("{8BC9CEB8-8B4A-11D0-8D11-00A0C91BC942}") = "SceneUnderstandingUwp", "..\SceneUnderstandingUwp\SceneUnderstandingUwp.vcxproj", "{461369E8-6324-4294-AB6F-C169BAC9ACCA}"
EndProject
Project("{8BC9CEB8-8B4A-11D0-8D11-00A0C91BC942}") = "ThreeSpacesUwp", "..\ThreeSpacesUwp\ThreeSpacesUwp.vcxproj", "{66973A07-2499-4DB1-B16B-7558C0FC87D9}"
EndProject
Project("{8BC9CEB8-8B4A-11D0-8D11-00A0C91BC942}") = "EyeGazeInteractionUwp", "..\EyeGazeInteractionUwp\EyeGazeInteractionUwp.vcxproj", "{A4D2019B-622D-49B9-9510-16877979807A}"
EndProject
Global
	GlobalSection(SolutionConfigurationPlatforms) = preSolution
		Debug|ARM = Debug|ARM
		Debug|ARM64 = Debug|ARM64
		Debug|x64 = Debug|x64
		Debug|x86 = Debug|x86
		Release|ARM = Release|ARM
		Release|ARM64 = Release|ARM64
		Release|x64 = Release|x64
		Release|x86 = Release|x86
	EndGlobalSection
	GlobalSection(ProjectConfigurationPlatforms) = postSolution
		{F9BB77A8-3C11-4289-B54A-B65072DDB489}.Debug|ARM.ActiveCfg = Debug|ARM
		{F9BB77A8-3C11-4289-B54A-B65072DDB489}.Debug|ARM.Build.0 = Debug|ARM
		{F9BB77A8-3C11-4289-B54A-B65072DDB489}.Debug|ARM.Deploy.0 = Debug|ARM
		{F9BB77A8-3C11-4289-B54A-B65072DDB489}.Debug|ARM64.ActiveCfg = Debug|ARM64
		{F9BB77A8-3C11-4289-B54A-B65072DDB489}.Debug|ARM64.Build.0 = Debug|ARM64
		{F9BB77A8-3C11-4289-B54A-B65072DDB489}.Debug|ARM64.Deploy.0 = Debug|ARM64
		{F9BB77A8-3C11-4289-B54A-B65072DDB489}.Debug|x64.ActiveCfg = Debug|x64
		{F9BB77A8-3C11-4289-B54A-B65072DDB489}.Debug|x64.Build.0 = Debug|x64
		{F9BB77A8-3C11-4289-B54A-B65072DDB489}.Debug|x64.Deploy.0 = Debug|x64
		{F9BB77A8-3C11-4289-B54A-B65072DDB489}.Debug|x86.ActiveCfg = Debug|Win32
		{F9BB77A8-3C11-4289-B54A-B65072DDB489}.Debug|x86.Build.0 = Debug|Win32
		{F9BB77A8-3C11-4289-B54A-B65072DDB489}.Debug|x86.Deploy.0 = Debug|Win32
		{F9BB77A8-3C11-4289-B54A-B65072DDB489}.Release|ARM.ActiveCfg = Release|ARM
		{F9BB77A8-3C11-4289-B54A-B65072DDB489}.Release|ARM.Build.0 = Release|ARM
		{F9BB77A8-3C11-4289-B54A-B65072DDB489}.Release|ARM.Deploy.0 = Release|ARM
		{F9BB77A8-3C11-4289-B54A-B65072DDB489}.Release|ARM64.ActiveCfg = Release|ARM64
		{F9BB77A8-3C11-4289-B54A-B65072DDB489}.Release|ARM64.Build.0 = Release|ARM64
		{F9BB77A8-3C11-4289-B54A-B65072DDB489}.Release|ARM64.Deploy.0 = Release|ARM64
		{F9BB77A8-3C11-4289-B54A-B65072DDB489}.Release|x64.ActiveCfg = Release|x64
		{F9BB77A8-3C11-4289-B54A-B65072DDB489}.Release|x64.Build.0 = Release|x64
		{F9BB77A8-3C11-4289-B54A-B65072DDB489}.Release|x64.Deploy.0 = Release|x64
		{F9BB77A8-3C11-4289-B54A-B65072DDB489}.Release|x86.ActiveCfg = Release|Win32
		{F9BB77A8-3C11-4289-B54A-B65072DDB489}.Release|x86.Build.0 = Release|Win32
		{F9BB77A8-3C11-4289-B54A-B65072DDB489}.Release|x86.Deploy.0 = Release|Win32
		{56F1C3F4-8AB3-4518-9671-AA4219F56167}.Debug|ARM.ActiveCfg = Debug|ARM
		{56F1C3F4-8AB3-4518-9671-AA4219F56167}.Debug|ARM.Build.0 = Debug|ARM
		{56F1C3F4-8AB3-4518-9671-AA4219F56167}.Debug|ARM64.ActiveCfg = Debug|ARM64
		{56F1C3F4-8AB3-4518-9671-AA4219F56167}.Debug|ARM64.Build.0 = Debug|ARM64
		{56F1C3F4-8AB3-4518-9671-AA4219F56167}.Debug|x64.ActiveCfg = Debug|x64
		{56F1C3F4-8AB3-4518-9671-AA4219F56167}.Debug|x64.Build.0 = Debug|x64
		{56F1C3F4-8AB3-4518-9671-AA4219F56167}.Debug|x86.ActiveCfg = Debug|Win32
		{56F1C3F4-8AB3-4518-9671-AA4219F56167}.Debug|x86.Build.0 = Debug|Win32
		{56F1C3F4-8AB3-4518-9671-AA4219F56167}.Release|ARM.ActiveCfg = Release|ARM
		{56F1C3F4-8AB3-4518-9671-AA4219F56167}.Release|ARM.Build.0 = Release|ARM
		{56F1C3F4-8AB3-4518-9671-AA4219F56167}.Release|ARM64.ActiveCfg = Release|ARM64
		{56F1C3F4-8AB3-4518-9671-AA4219F56167}.Release|ARM64.Build.0 = Release|ARM64
		{56F1C3F4-8AB3-4518-9671-AA4219F56167}.Release|x64.ActiveCfg = Release|x64
		{56F1C3F4-8AB3-4518-9671-AA4219F56167}.Release|x64.Build.0 = Release|x64
		{56F1C3F4-8AB3-4518-9671-AA4219F56167}.Release|x86.ActiveCfg = Release|Win32
		{56F1C3F4-8AB3-4518-9671-AA4219F56167}.Release|x86.Build.0 = Release|Win32
		{63475578-0C83-4B2F-9AC5-A4513DE2907F}.Debug|ARM.ActiveCfg = Debug|ARM
		{63475578-0C83-4B2F-9AC5-A4513DE2907F}.Debug|ARM.Build.0 = Debug|ARM
		{63475578-0C83-4B2F-9AC5-A4513DE2907F}.Debug|ARM64.ActiveCfg = Debug|ARM64
		{63475578-0C83-4B2F-9AC5-A4513DE2907F}.Debug|ARM64.Build.0 = Debug|ARM64
		{63475578-0C83-4B2F-9AC5-A4513DE2907F}.Debug|x64.ActiveCfg = Debug|x64
		{63475578-0C83-4B2F-9AC5-A4513DE2907F}.Debug|x64.Build.0 = Debug|x64
		{63475578-0C83-4B2F-9AC5-A4513DE2907F}.Debug|x86.ActiveCfg = Debug|Win32
		{63475578-0C83-4B2F-9AC5-A4513DE2907F}.Debug|x86.Build.0 = Debug|Win32
		{63475578-0C83-4B2F-9AC5-A4513DE2907F}.Release|ARM.ActiveCfg = Release|ARM
		{63475578-0C83-4B2F-9AC5-A4513DE2907F}.Release|ARM.Build.0 = Release|ARM
		{63475578-0C83-4B2F-9AC5-A4513DE2907F}.Release|ARM64.ActiveCfg = Release|ARM64
		{63475578-0C83-4B2F-9AC5-A4513DE2907F}.Release|ARM64.Build.0 = Release|ARM64
		{63475578-0C83-4B2F-9AC5-A4513DE2907F}.Release|x64.ActiveCfg = Release|x64
		{63475578-0C83-4B2F-9AC5-A4513DE2907F}.Release|x64.Build.0 = Release|x64
		{63475578-0C83-4B2F-9AC5-A4513DE2907F}.Release|x86.ActiveCfg = Release|Win32
		{63475578-0C83-4B2F-9AC5-A4513DE2907F}.Release|x86.Build.0 = Release|Win32
		{334E53B6-28DC-4F46-A7D9-CCEC681F4FEB}.Debug|ARM.ActiveCfg = Debug|ARM
		{334E53B6-28DC-4F46-A7D9-CCEC681F4FEB}.Debug|ARM.Build.0 = Debug|ARM
		{334E53B6-28DC-4F46-A7D9-CCEC681F4FEB}.Debug|ARM64.ActiveCfg = Debug|ARM64
		{334E53B6-28DC-4F46-A7D9-CCEC681F4FEB}.Debug|ARM64.Build.0 = Debug|ARM64
		{334E53B6-28DC-4F46-A7D9-CCEC681F4FEB}.Debug|x64.ActiveCfg = Debug|x64
		{334E53B6-28DC-4F46-A7D9-CCEC681F4FEB}.Debug|x64.Build.0 = Debug|x64
		{334E53B6-28DC-4F46-A7D9-CCEC681F4FEB}.Debug|x86.ActiveCfg = Debug|Win32
		{334E53B6-28DC-4F46-A7D9-CCEC681F4FEB}.Debug|x86.Build.0 = Debug|Win32
		{334E53B6-28DC-4F46-A7D9-CCEC681F4FEB}.Release|ARM.ActiveCfg = Release|ARM
		{334E53B6-28DC-4F46-A7D9-CCEC681F4FEB}.Release|ARM.Build.0 = Release|ARM
		{334E53B6-28DC-4F46-A7D9-CCEC681F4FEB}.Release|ARM64.ActiveCfg = Release|ARM64
		{334E53B6-28DC-4F46-A7D9-CCEC681F4FEB}.Release|ARM64.Build.0 = Release|ARM64
		{334E53B6-28DC-4F46-A7D9-CCEC681F4FEB}.Release|x64.ActiveCfg = Release|x64
		{334E53B6-28DC-4F46-A7D9-CCEC681F4FEB}.Release|x64.Build.0 = Release|x64
		{334E53B6-28DC-4F46-A7D9-CCEC681F4FEB}.Release|x86.ActiveCfg = Release|Win32
		{334E53B6-28DC-4F46-A7D9-CCEC681F4FEB}.Release|x86.Build.0 = Release|Win32
		{7A3653FD-90A8-4627-9185-F3EEFA539F49}.Debug|ARM.ActiveCfg = Debug|ARM
		{7A3653FD-90A8-4627-9185-F3EEFA539F49}.Debug|ARM.Build.0 = Debug|ARM
		{7A3653FD-90A8-4627-9185-F3EEFA539F49}.Debug|ARM64.ActiveCfg = Debug|ARM64
		{7A3653FD-90A8-4627-9185-F3EEFA539F49}.Debug|ARM64.Build.0 = Debug|ARM64
		{7A3653FD-90A8-4627-9185-F3EEFA539F49}.Debug|x64.ActiveCfg = Debug|x64
		{7A3653FD-90A8-4627-9185-F3EEFA539F49}.Debug|x64.Build.0 = Debug|x64
		{7A3653FD-90A8-4627-9185-F3EEFA539F49}.Debug|x86.ActiveCfg = Debug|Win32
		{7A3653FD-90A8-4627-9185-F3EEFA539F49}.Debug|x86.Build.0 = Debug|Win32
		{7A3653FD-90A8-4627-9185-F3EEFA539F49}.Release|ARM.ActiveCfg = Release|ARM
		{7A3653FD-90A8-4627-9185-F3EEFA539F49}.Release|ARM.Build.0 = Release|ARM
		{7A3653FD-90A8-4627-9185-F3EEFA539F49}.Release|ARM64.ActiveCfg = Release|ARM64
		{7A3653FD-90A8-4627-9185-F3EEFA539F49}.Release|ARM64.Build.0 = Release|ARM64
		{7A3653FD-90A8-4627-9185-F3EEFA539F49}.Release|x64.ActiveCfg = Release|x64
		{7A3653FD-90A8-4627-9185-F3EEFA539F49}.Release|x64.Build.0 = Release|x64
		{7A3653FD-90A8-4627-9185-F3EEFA539F49}.Release|x86.ActiveCfg = Release|Win32
		{7A3653FD-90A8-4627-9185-F3EEFA539F49}.Release|x86.Build.0 = Release|Win32
		{11ADC3A8-3996-40EC-B481-5EAA3ACB63C9}.Debug|ARM.ActiveCfg = Debug|ARM
		{11ADC3A8-3996-40EC-B481-5EAA3ACB63C9}.Debug|ARM.Build.0 = Debug|ARM
		{11ADC3A8-3996-40EC-B481-5EAA3ACB63C9}.Debug|ARM.Deploy.0 = Debug|ARM
		{11ADC3A8-3996-40EC-B481-5EAA3ACB63C9}.Debug|ARM64.ActiveCfg = Debug|ARM64
		{11ADC3A8-3996-40EC-B481-5EAA3ACB63C9}.Debug|ARM64.Build.0 = Debug|ARM64
		{11ADC3A8-3996-40EC-B481-5EAA3ACB63C9}.Debug|ARM64.Deploy.0 = Debug|ARM64
		{11ADC3A8-3996-40EC-B481-5EAA3ACB63C9}.Debug|x64.ActiveCfg = Debug|x64
		{11ADC3A8-3996-40EC-B481-5EAA3ACB63C9}.Debug|x64.Build.0 = Debug|x64
		{11ADC3A8-3996-40EC-B481-5EAA3ACB63C9}.Debug|x64.Deploy.0 = Debug|x64
		{11ADC3A8-3996-40EC-B481-5EAA3ACB63C9}.Debug|x86.ActiveCfg = Debug|Win32
		{11ADC3A8-3996-40EC-B481-5EAA3ACB63C9}.Debug|x86.Build.0 = Debug|Win32
		{11ADC3A8-3996-40EC-B481-5EAA3ACB63C9}.Debug|x86.Deploy.0 = Debug|Win32
		{11ADC3A8-3996-40EC-B481-5EAA3ACB63C9}.Release|ARM.ActiveCfg = Release|ARM
		{11ADC3A8-3996-40EC-B481-5EAA3ACB63C9}.Release|ARM.Build.0 = Release|ARM
		{11ADC3A8-3996-40EC-B481-5EAA3ACB63C9}.Release|ARM.Deploy.0 = Release|ARM
		{11ADC3A8-3996-40EC-B481-5EAA3ACB63C9}.Release|ARM64.ActiveCfg = Release|ARM64
		{11ADC3A8-3996-40EC-B481-5EAA3ACB63C9}.Release|ARM64.Build.0 = Release|ARM64
		{11ADC3A8-3996-40EC-B481-5EAA3ACB63C9}.Release|ARM64.Deploy.0 = Release|ARM64
		{11ADC3A8-3996-40EC-B481-5EAA3ACB63C9}.Release|x64.ActiveCfg = Release|x64
		{11ADC3A8-3996-40EC-B481-5EAA3ACB63C9}.Release|x64.Build.0 = Release|x64
		{11ADC3A8-3996-40EC-B481-5EAA3ACB63C9}.Release|x64.Deploy.0 = Release|x64
		{11ADC3A8-3996-40EC-B481-5EAA3ACB63C9}.Release|x86.ActiveCfg = Release|Win32
		{11ADC3A8-3996-40EC-B481-5EAA3ACB63C9}.Release|x86.Build.0 = Release|Win32
		{11ADC3A8-3996-40EC-B481-5EAA3ACB63C9}.Release|x86.Deploy.0 = Release|Win32
		{1B09B21C-2D7A-4278-81C8-84A47D5834A7}.Debug|ARM.ActiveCfg = Debug|ARM
		{1B09B21C-2D7A-4278-81C8-84A47D5834A7}.Debug|ARM.Build.0 = Debug|ARM
		{1B09B21C-2D7A-4278-81C8-84A47D5834A7}.Debug|ARM.Deploy.0 = Debug|ARM
		{1B09B21C-2D7A-4278-81C8-84A47D5834A7}.Debug|ARM64.ActiveCfg = Debug|ARM64
		{1B09B21C-2D7A-4278-81C8-84A47D5834A7}.Debug|ARM64.Build.0 = Debug|ARM64
		{1B09B21C-2D7A-4278-81C8-84A47D5834A7}.Debug|ARM64.Deploy.0 = Debug|ARM64
		{1B09B21C-2D7A-4278-81C8-84A47D5834A7}.Debug|x64.ActiveCfg = Debug|x64
		{1B09B21C-2D7A-4278-81C8-84A47D5834A7}.Debug|x64.Build.0 = Debug|x64
		{1B09B21C-2D7A-4278-81C8-84A47D5834A7}.Debug|x64.Deploy.0 = Debug|x64
		{1B09B21C-2D7A-4278-81C8-84A47D5834A7}.Debug|x86.ActiveCfg = Debug|Win32
		{1B09B21C-2D7A-4278-81C8-84A47D5834A7}.Debug|x86.Build.0 = Debug|Win32
		{1B09B21C-2D7A-4278-81C8-84A47D5834A7}.Debug|x86.Deploy.0 = Debug|Win32
		{1B09B21C-2D7A-4278-81C8-84A47D5834A7}.Release|ARM.ActiveCfg = Release|ARM
		{1B09B21C-2D7A-4278-81C8-84A47D5834A7}.Release|ARM.Build.0 = Release|ARM
		{1B09B21C-2D7A-4278-81C8-84A47D5834A7}.Release|ARM.Deploy.0 = Release|ARM
		{1B09B21C-2D7A-4278-81C8-84A47D5834A7}.Release|ARM64.ActiveCfg = Release|ARM64
		{1B09B21C-2D7A-4278-81C8-84A47D5834A7}.Release|ARM64.Build.0 = Release|ARM64
		{1B09B21C-2D7A-4278-81C8-84A47D5834A7}.Release|ARM64.Deploy.0 = Release|ARM64
		{1B09B21C-2D7A-4278-81C8-84A47D5834A7}.Release|x64.ActiveCfg = Release|x64
		{1B09B21C-2D7A-4278-81C8-84A47D5834A7}.Release|x64.Build.0 = Release|x64
		{1B09B21C-2D7A-4278-81C8-84A47D5834A7}.Release|x64.Deploy.0 = Release|x64
		{1B09B21C-2D7A-4278-81C8-84A47D5834A7}.Release|x86.ActiveCfg = Release|Win32
		{1B09B21C-2D7A-4278-81C8-84A47D5834A7}.Release|x86.Build.0 = Release|Win32
		{1B09B21C-2D7A-4278-81C8-84A47D5834A7}.Release|x86.Deploy.0 = Release|Win32
		{461369E8-6324-4294-AB6F-C169BAC9ACCA}.Debug|ARM.ActiveCfg = Debug|ARM
		{461369E8-6324-4294-AB6F-C169BAC9ACCA}.Debug|ARM.Build.0 = Debug|ARM
		{461369E8-6324-4294-AB6F-C169BAC9ACCA}.Debug|ARM.Deploy.0 = Debug|ARM
		{461369E8-6324-4294-AB6F-C169BAC9ACCA}.Debug|ARM64.ActiveCfg = Debug|ARM64
		{461369E8-6324-4294-AB6F-C169BAC9ACCA}.Debug|ARM64.Build.0 = Debug|ARM64
		{461369E8-6324-4294-AB6F-C169BAC9ACCA}.Debug|ARM64.Deploy.0 = Debug|ARM64
		{461369E8-6324-4294-AB6F-C169BAC9ACCA}.Debug|x64.ActiveCfg = Debug|x64
		{461369E8-6324-4294-AB6F-C169BAC9ACCA}.Debug|x64.Build.0 = Debug|x64
		{461369E8-6324-4294-AB6F-C169BAC9ACCA}.Debug|x64.Deploy.0 = Debug|x64
		{461369E8-6324-4294-AB6F-C169BAC9ACCA}.Debug|x86.ActiveCfg = Debug|Win32
		{461369E8-6324-4294-AB6F-C169BAC9ACCA}.Debug|x86.Build.0 = Debug|Win32
		{461369E8-6324-4294-AB6F-C169BAC9ACCA}.Debug|x86.Deploy.0 = Debug|Win32
		{461369E8-6324-4294-AB6F-C169BAC9ACCA}.Release|ARM.ActiveCfg = Release|ARM
		{461369E8-6324-4294-AB6F-C169BAC9ACCA}.Release|ARM.Build.0 = Release|ARM
		{461369E8-6324-4294-AB6F-C169BAC9ACCA}.Release|ARM.Deploy.0 = Release|ARM
		{461369E8-6324-4294-AB6F-C169BAC9ACCA}.Release|ARM64.ActiveCfg = Release|ARM64
		{461369E8-6324-4294-AB6F-C169BAC9ACCA}.Release|ARM64.Build.0 = Release|ARM64
		{461369E8-6324-4294-AB6F-C169BAC9ACCA}.Release|ARM64.Deploy.0 = Release|ARM64
		{461369E8-6324-4294-AB6F-C169BAC9ACCA}.Release|x64.ActiveCfg = Release|x64
		{461369E8-6324-4294-AB6F-C169BAC9ACCA}.Release|x64.Build.0 = Release|x64
		{461369E8-6324-4294-AB6F-C169BAC9ACCA}.Release|x64.Deploy.0 = Release|x64
		{461369E8-6324-4294-AB6F-C169BAC9ACCA}.Release|x86.ActiveCfg = Release|Win32
		{461369E8-6324-4294-AB6F-C169BAC9ACCA}.Release|x86.Build.0 = Release|Win32
		{461369E8-6324-4294-AB6F-C169BAC9ACCA}.Release|x86.Deploy.0 = Release|Win32
		{66973A07-2499-4DB1-B16B-7558C0FC87D9}.Debug|ARM.ActiveCfg = Debug|ARM
		{66973A07-2499-4DB1-B16B-7558C0FC87D9}.Debug|ARM.Build.0 = Debug|ARM
		{66973A07-2499-4DB1-B16B-7558C0FC87D9}.Debug|ARM.Deploy.0 = Debug|ARM
		{66973A07-2499-4DB1-B16B-7558C0FC87D9}.Debug|ARM64.ActiveCfg = Debug|ARM64
		{66973A07-2499-4DB1-B16B-7558C0FC87D9}.Debug|ARM64.Build.0 = Debug|ARM64
		{66973A07-2499-4DB1-B16B-7558C0FC87D9}.Debug|ARM64.Deploy.0 = Debug|ARM64
		{66973A07-2499-4DB1-B16B-7558C0FC87D9}.Debug|x64.ActiveCfg = Debug|x64
		{66973A07-2499-4DB1-B16B-7558C0FC87D9}.Debug|x64.Build.0 = Debug|x64
		{66973A07-2499-4DB1-B16B-7558C0FC87D9}.Debug|x64.Deploy.0 = Debug|x64
		{66973A07-2499-4DB1-B16B-7558C0FC87D9}.Debug|x86.ActiveCfg = Debug|Win32
		{66973A07-2499-4DB1-B16B-7558C0FC87D9}.Debug|x86.Build.0 = Debug|Win32
		{66973A07-2499-4DB1-B16B-7558C0FC87D9}.Debug|x86.Deploy.0 = Debug|Win32
		{66973A07-2499-4DB1-B16B-7558C0FC87D9}.Release|ARM.ActiveCfg = Release|ARM
		{66973A07-2499-4DB1-B16B-7558C0FC87D9}.Release|ARM.Build.0 = Release|ARM
		{66973A07-2499-4DB1-B16B-7558C0FC87D9}.Release|ARM.Deploy.0 = Release|ARM
		{66973A07-2499-4DB1-B16B-7558C0FC87D9}.Release|ARM64.ActiveCfg = Release|ARM64
		{66973A07-2499-4DB1-B16B-7558C0FC87D9}.Release|ARM64.Build.0 = Release|ARM64
		{66973A07-2499-4DB1-B16B-7558C0FC87D9}.Release|ARM64.Deploy.0 = Release|ARM64
		{66973A07-2499-4DB1-B16B-7558C0FC87D9}.Release|x64.ActiveCfg = Release|x64
		{66973A07-2499-4DB1-B16B-7558C0FC87D9}.Release|x64.Build.0 = Release|x64
		{66973A07-2499-4DB1-B16B-7558C0FC87D9}.Release|x64.Deploy.0 = Release|x64
		{66973A07-2499-4DB1-B16B-7558C0FC87D9}.Release|x86.ActiveCfg = Release|Win32
		{66973A07-2499-4DB1-B16B-7558C0FC87D9}.Release|x86.Build.0 = Release|Win32
		{66973A07-2499-4DB1-B16B-7558C0FC87D9}.Release|x86.Deploy.0 = Release|Win32
		{A4D2019B-622D-49B9-9510-16877979807A}.Debug|ARM.ActiveCfg = Debug|ARM
		{A4D2019B-622D-49B9-9510-16877979807A}.Debug|ARM.Build.0 = Debug|ARM
		{A4D2019B-622D-49B9-9510-16877979807A}.Debug|ARM.Deploy.0 = Debug|ARM
		{A4D2019B-622D-49B9-9510-16877979807A}.Debug|ARM64.ActiveCfg = Debug|ARM64
		{A4D2019B-622D-49B9-9510-16877979807A}.Debug|ARM64.Build.0 = Debug|ARM64
		{A4D2019B-622D-49B9-9510-16877979807A}.Debug|ARM64.Deploy.0 = Debug|ARM64
		{A4D2019B-622D-49B9-9510-16877979807A}.Debug|x64.ActiveCfg = Debug|x64
		{A4D2019B-622D-49B9-9510-16877979807A}.Debug|x64.Build.0 = Debug|x64
		{A4D2019B-622D-49B9-9510-16877979807A}.Debug|x64.Deploy.0 = Debug|x64
		{A4D2019B-622D-49B9-9510-16877979807A}.Debug|x86.ActiveCfg = Debug|Win32
		{A4D2019B-622D-49B9-9510-16877979807A}.Debug|x86.Build.0 = Debug|Win32
		{A4D2019B-622D-49B9-9510-16877979807A}.Debug|x86.Deploy.0 = Debug|Win32
		{A4D2019B-622D-49B9-9510-16877979807A}.Release|ARM.ActiveCfg = Release|ARM
		{A4D2019B-622D-49B9-9510-16877979807A}.Release|ARM.Build.0 = Release|ARM
		{A4D2019B-622D-49B9-9510-16877979807A}.Release|ARM.Deploy.0 = Release|ARM
		{A4D2019B-622D-49B9-9510-16877979807A}.Release|ARM64.ActiveCfg = Release|ARM64
		{A4D2019B-622D-49B9-9510-16877979807A}.Release|ARM64.Build.0 = Release|ARM64
		{A4D2019B-622D-49B9-9510-16877979807A}.Release|ARM64.Deploy.0 = Release|ARM64
		{A4D2019B-622D-49B9-9510-16877979807A}.Release|x64.ActiveCfg = Release|x64
		{A4D2019B-622D-49B9-9510-16877979807A}.Release|x64.Build.0 = Release|x64
		{A4D2019B-622D-49B9-9510-16877979807A}.Release|x64.Deploy.0 = Release|x64
		{A4D2019B-622D-49B9-9510-16877979807A}.Release|x86.ActiveCfg = Release|Win32
		{A4D2019B-622D-49B9-9510-16877979807A}.Release|x86.Build.0 = Release|Win32
		{A4D2019B-622D-49B9-9510-16877979807A}.Release|x86.Deploy.0 = Release|Win32
	EndGlobalSection
	GlobalSection(SolutionProperties) = preSolution
		HideSolutionNode = FALSE
	EndGlobalSection
	GlobalSection(NestedProjects) = preSolution
		{F9AC4852-6884-4483-8AF9-58B00AB183CE} = {0EDD80BC-FD6A-4FA9-B5BC-28B110DB71AC}
		{2838FADD-C9DE-49EA-B149-96864A8BA24E} = {0EDD80BC-FD6A-4FA9-B5BC-28B110DB71AC}
		{A43B9E94-7994-4CBC-8CDE-A6B126D2414C} = {0EDD80BC-FD6A-4FA9-B5BC-28B110DB71AC}
		{1EE87336-A645-4A49-9891-EEFDDD7253BF} = {0EDD80BC-FD6A-4FA9-B5BC-28B110DB71AC}
		{63475578-0C83-4B2F-9AC5-A4513DE2907F} = {1EE87336-A645-4A49-9891-EEFDDD7253BF}
		{334E53B6-28DC-4F46-A7D9-CCEC681F4FEB} = {A43B9E94-7994-4CBC-8CDE-A6B126D2414C}
		{7A3653FD-90A8-4627-9185-F3EEFA539F49} = {2838FADD-C9DE-49EA-B149-96864A8BA24E}
	EndGlobalSection
	GlobalSection(ExtensibilityGlobals) = postSolution
		SolutionGuid = {33801C13-1AD9-4C5A-9E70-0F6BE0626D01}
	EndGlobalSection
EndGlobal
